
Microsoft Visual Studio Solution File, Format Version 12.00
# Visual Studio Version 16
VisualStudioVersion = 16.0.30804.86
MinimumVisualStudioVersion = 10.0.40219.1
Project("{8BC9CEB8-8B4A-11D0-8D11-00A0C91BC942}") = "Chapter1_11", "Chapter1_11\Chapter1_11.vcxproj", "{C0B22330-AF1C-4A99-A2D3-5F12805F7137}"
EndProject
Project("{8BC9CEB8-8B4A-11D0-8D11-00A0C91BC942}") = "Chapter1_1", "Chapter1_1\Project1.vcxproj", "{FDC81656-9450-4407-9688-D5F67222B96F}"
EndProject
Project("{8BC9CEB8-8B4A-11D0-8D11-00A0C91BC942}") = "Chapter1_2", "Chapter1_2\Project2.vcxproj", "{F7BF4CBE-F33B-4B8C-8A2C-5922C4D7A599}"
EndProject
Project("{8BC9CEB8-8B4A-11D0-8D11-00A0C91BC942}") = "Chapter1_3", "Chapter1_3\Project3.vcxproj", "{88B29384-8120-4096-AC1F-66656B0573B7}"
EndProject
Project("{8BC9CEB8-8B4A-11D0-8D11-00A0C91BC942}") = "Chapter1_4", "Chapter1_4\Project4.vcxproj", "{BF31C2BB-3A4A-46EB-A1CD-B9090F6CB23F}"
EndProject
Project("{8BC9CEB8-8B4A-11D0-8D11-00A0C91BC942}") = "Chapter1_5", "Chapter1_5\Project5.vcxproj", "{56FC463F-F3CE-49E5-8303-88319DADF2F3}"
EndProject
Project("{8BC9CEB8-8B4A-11D0-8D11-00A0C91BC942}") = "Chapter1_6", "Chapter1_6\Project6.vcxproj", "{8604C59D-ADA5-45AC-A1EF-C49CA53D44BB}"
EndProject
Project("{8BC9CEB8-8B4A-11D0-8D11-00A0C91BC942}") = "Chapter1_7", "Chapter1_7\Project7.vcxproj", "{7C3D29EE-FCDE-4B8F-B516-F8AF9C0F45D1}"
EndProject
Project("{8BC9CEB8-8B4A-11D0-8D11-00A0C91BC942}") = "Chapter1_8", "Chapter1_8\Project8.vcxproj", "{1E07C1CA-4621-4DD4-93EE-1FFC34A9CDD9}"
EndProject
Project("{8BC9CEB8-8B4A-11D0-8D11-00A0C91BC942}") = "Chapter1_9", "Chapter1_9\Project9.vcxproj", "{99019655-1421-4E4A-9CAC-3442F3E753FC}"
EndProject
Project("{8BC9CEB8-8B4A-11D0-8D11-00A0C91BC942}") = "Chapter1_10", "Chapter1_10\Project10.vcxproj", "{41AAF65C-F6DF-460C-9AD2-EA0071791BAF}"
EndProject
Project("{8BC9CEB8-8B4A-11D0-8D11-00A0C91BC942}") = "Chapter1_12", "Chapter1_12\Chapter1_12.vcxproj", "{F6B470BE-1663-4DCE-BC40-66C8348C0B1E}"
EndProject
Project("{8BC9CEB8-8B4A-11D0-8D11-00A0C91BC942}") = "Chapter1_13", "Chapter1_13\Chapter1_13.vcxproj", "{3B80866B-DB15-4DA7-BBE8-871A49723D76}"
EndProject
Project("{8BC9CEB8-8B4A-11D0-8D11-00A0C91BC942}") = "Chapter1_14", "Chapter1_14\Chapter1_14.vcxproj", "{CD8C8DCF-D7CE-4023-AEEC-7924D004766F}"
EndProject
Project("{8BC9CEB8-8B4A-11D0-8D11-00A0C91BC942}") = "Chapter2.2", "Chapter2.2\Chapter2.2.vcxproj", "{54471396-C72D-4E48-BA89-386888E9EDC7}"
EndProject
Project("{8BC9CEB8-8B4A-11D0-8D11-00A0C91BC942}") = "Chapter2.1", "Chapter2.1\Chapter1_15.vcxproj", "{B036CC6D-AAC6-4AC9-88F3-35202211A520}"
EndProject
Project("{8BC9CEB8-8B4A-11D0-8D11-00A0C91BC942}") = "Chapter2.3", "Chapter2.3\Chapter2.3.vcxproj", "{9CE814CC-6C9F-4E20-9CF2-19222DABC4EB}"
EndProject
Project("{8BC9CEB8-8B4A-11D0-8D11-00A0C91BC942}") = "Chapter2.4", "Chapter2.4\Chapter2.4.vcxproj", "{390C8E4F-DB1C-48FA-9059-92AEB7BD98FB}"
EndProject
Project("{8BC9CEB8-8B4A-11D0-8D11-00A0C91BC942}") = "Chapter2.5", "Chapter2.5\Chapter2.5.vcxproj", "{1F149D04-A443-4A05-A35B-4A7BC45FEE5F}"
EndProject
Project("{8BC9CEB8-8B4A-11D0-8D11-00A0C91BC942}") = "Chapter2.6", "Chapter2.6\Chapter2.6.vcxproj", "{A2484FDB-9E4F-447B-A76C-2380A3C32041}"
EndProject
Project("{8BC9CEB8-8B4A-11D0-8D11-00A0C91BC942}") = "Chapter2.7", "Chapter2.7\Chapter2.7.vcxproj", "{21D9A5F7-5F5F-4A59-8AEB-13B7268AC71C}"
EndProject
Project("{8BC9CEB8-8B4A-11D0-8D11-00A0C91BC942}") = "Chapter2.8", "Chapter2.8\Chapter2.8.vcxproj", "{0B94D812-35DF-4EB2-99F8-34C7C53E0944}"
EndProject
Project("{8BC9CEB8-8B4A-11D0-8D11-00A0C91BC942}") = "Chapter2.9", "Chapter2.9\Chapter2.9.vcxproj", "{824E0EED-1359-4E2E-AD57-D1A1413DE69D}"
EndProject
Project("{8BC9CEB8-8B4A-11D0-8D11-00A0C91BC942}") = "Chapter3.1", "Chapter3.1\Chapter3.1.vcxproj", "{E17063C0-74CF-489C-842B-19441D6DE519}"
EndProject
Project("{8BC9CEB8-8B4A-11D0-8D11-00A0C91BC942}") = "Chapter3.2", "Chapter3.2\Chapter3.2.vcxproj", "{8995B18A-28D4-40E1-B71E-FB06F36D1EF5}"
EndProject
Project("{8BC9CEB8-8B4A-11D0-8D11-00A0C91BC942}") = "Chapter3.3", "Chapter3.3\Chapter3.3.vcxproj", "{BC72FA2F-F219-4395-88B0-53C170293A42}"
EndProject
Project("{8BC9CEB8-8B4A-11D0-8D11-00A0C91BC942}") = "Chapter3.4", "Chapter3.4\Chapter3.4.vcxproj", "{F576DD07-AA3A-48F8-BC27-4B3D37B70E67}"
EndProject
Project("{8BC9CEB8-8B4A-11D0-8D11-00A0C91BC942}") = "Chapter3.5", "Chapter3.5\Chapter3.5.vcxproj", "{20411A9B-43E1-4F7E-96B9-7BD2412CCFBD}"
EndProject
Project("{8BC9CEB8-8B4A-11D0-8D11-00A0C91BC942}") = "Chapter3.6", "Chapter3.6\Chapter3.6.vcxproj", "{F9B27697-F8B2-4F48-86CF-291224525025}"
EndProject
Project("{8BC9CEB8-8B4A-11D0-8D11-00A0C91BC942}") = "Chapter3.7", "Chapter3.7\Chapter3.7.vcxproj", "{6A1A3331-3E60-4F10-9881-5C92BDE142CA}"
EndProject
Project("{8BC9CEB8-8B4A-11D0-8D11-00A0C91BC942}") = "Chapter3.8", "Chapter3.8\Chapter3.8.vcxproj", "{E5B68184-6D08-4E80-B2B9-3903470C952C}"
EndProject
Project("{8BC9CEB8-8B4A-11D0-8D11-00A0C91BC942}") = "Chapter3.9", "Chapter3.9\Chapter3.9.vcxproj", "{5A1A9314-AAE9-419E-ABEB-CC41B18FA5C4}"
EndProject
Project("{8BC9CEB8-8B4A-11D0-8D11-00A0C91BC942}") = "Chapter4.1", "Chapter4.1\Chapter4.1.vcxproj", "{8D9588D8-6040-4251-AF1B-37346DDDEEF7}"
EndProject
Project("{8BC9CEB8-8B4A-11D0-8D11-00A0C91BC942}") = "Chapter4.2", "Chapter4.2\Chapter4.2.vcxproj", "{8FF78E0A-4D43-4AD5-AEB9-38D2B9FBD603}"
EndProject
Project("{8BC9CEB8-8B4A-11D0-8D11-00A0C91BC942}") = "Chapter4.3", "Chapter4.3\Chapter4.3.vcxproj", "{B685FA28-1DA3-41EE-B268-D841D7AB0123}"
EndProject
Project("{8BC9CEB8-8B4A-11D0-8D11-00A0C91BC942}") = "Chapter4.4", "Chapter4.4\Chapter4.4.vcxproj", "{39A395CC-31E9-4BB7-904A-F4041544DE66}"
EndProject
Project("{8BC9CEB8-8B4A-11D0-8D11-00A0C91BC942}") = "Chapter4.5", "Chapter4.5\Chapter4.5.vcxproj", "{F3D043CC-B78E-4811-A095-EBE2776BBC71}"
EndProject
Project("{8BC9CEB8-8B4A-11D0-8D11-00A0C91BC942}") = "Chapter4.6", "Chapter4.6\Chapter4.6.vcxproj", "{351A6C2D-B749-4EF9-A656-5DC6C0B20362}"
EndProject
Project("{8BC9CEB8-8B4A-11D0-8D11-00A0C91BC942}") = "Chapter4.7", "Chapter4.7\Chapter4.7.vcxproj", "{00000BA0-B33B-4FF0-B616-F6DEB5B07F47}"
EndProject
Project("{8BC9CEB8-8B4A-11D0-8D11-00A0C91BC942}") = "Chapter4.8", "Chapter4.8\Chapter4.8.vcxproj", "{E9B2D653-3955-4985-BCD8-59BB7BF3C8E2}"
EndProject
Project("{8BC9CEB8-8B4A-11D0-8D11-00A0C91BC942}") = "Chapter4.9", "Chapter4.9\Chapter4.9.vcxproj", "{5B507F81-7CFE-4F3C-AD68-2CDDA667477D}"
EndProject
Project("{8BC9CEB8-8B4A-11D0-8D11-00A0C91BC942}") = "Chapter4.10", "Chapter4.10\Chapter4.10.vcxproj", "{1BF3A016-6245-49ED-99D8-6436BD2B6F88}"
EndProject
Project("{8BC9CEB8-8B4A-11D0-8D11-00A0C91BC942}") = "Chapter5.1", "Chapter5.1\Chapter5.1.vcxproj", "{CB371AE2-6316-437E-B5D6-6B12B003029F}"
EndProject
Project("{8BC9CEB8-8B4A-11D0-8D11-00A0C91BC942}") = "Chapter5.2", "Chapter5.2\Chapter5.2.vcxproj", "{24E1EEB3-A3B4-41E7-82CE-141BC362396C}"
EndProject
Project("{8BC9CEB8-8B4A-11D0-8D11-00A0C91BC942}") = "Chapter5.3", "Chapter5.3\Chapter5.3.vcxproj", "{E8E0FD62-078D-4122-8256-630B0DEC3E93}"
EndProject
Project("{8BC9CEB8-8B4A-11D0-8D11-00A0C91BC942}") = "Chapter5.4", "Chapter5.4\Chapter5.4.vcxproj", "{CA8C83B6-D86B-4FD8-AF72-3B8FE7693489}"
EndProject
Project("{8BC9CEB8-8B4A-11D0-8D11-00A0C91BC942}") = "Chapter5.5", "Chapter5.5\Chapter5.5.vcxproj", "{EA39D986-0168-4235-8BCC-37A31FC0CA92}"
EndProject
Global
	GlobalSection(SolutionConfigurationPlatforms) = preSolution
		Debug|x64 = Debug|x64
		Debug|x86 = Debug|x86
		Release|x64 = Release|x64
		Release|x86 = Release|x86
	EndGlobalSection
	GlobalSection(ProjectConfigurationPlatforms) = postSolution
		{C0B22330-AF1C-4A99-A2D3-5F12805F7137}.Debug|x64.ActiveCfg = Debug|x64
		{C0B22330-AF1C-4A99-A2D3-5F12805F7137}.Debug|x64.Build.0 = Debug|x64
		{C0B22330-AF1C-4A99-A2D3-5F12805F7137}.Debug|x86.ActiveCfg = Debug|Win32
		{C0B22330-AF1C-4A99-A2D3-5F12805F7137}.Debug|x86.Build.0 = Debug|Win32
		{C0B22330-AF1C-4A99-A2D3-5F12805F7137}.Release|x64.ActiveCfg = Release|x64
		{C0B22330-AF1C-4A99-A2D3-5F12805F7137}.Release|x64.Build.0 = Release|x64
		{C0B22330-AF1C-4A99-A2D3-5F12805F7137}.Release|x86.ActiveCfg = Release|Win32
		{C0B22330-AF1C-4A99-A2D3-5F12805F7137}.Release|x86.Build.0 = Release|Win32
		{FDC81656-9450-4407-9688-D5F67222B96F}.Debug|x64.ActiveCfg = Debug|x64
		{FDC81656-9450-4407-9688-D5F67222B96F}.Debug|x64.Build.0 = Debug|x64
		{FDC81656-9450-4407-9688-D5F67222B96F}.Debug|x86.ActiveCfg = Debug|Win32
		{FDC81656-9450-4407-9688-D5F67222B96F}.Debug|x86.Build.0 = Debug|Win32
		{FDC81656-9450-4407-9688-D5F67222B96F}.Release|x64.ActiveCfg = Release|x64
		{FDC81656-9450-4407-9688-D5F67222B96F}.Release|x64.Build.0 = Release|x64
		{FDC81656-9450-4407-9688-D5F67222B96F}.Release|x86.ActiveCfg = Release|Win32
		{FDC81656-9450-4407-9688-D5F67222B96F}.Release|x86.Build.0 = Release|Win32
		{F7BF4CBE-F33B-4B8C-8A2C-5922C4D7A599}.Debug|x64.ActiveCfg = Debug|x64
		{F7BF4CBE-F33B-4B8C-8A2C-5922C4D7A599}.Debug|x64.Build.0 = Debug|x64
		{F7BF4CBE-F33B-4B8C-8A2C-5922C4D7A599}.Debug|x86.ActiveCfg = Debug|Win32
		{F7BF4CBE-F33B-4B8C-8A2C-5922C4D7A599}.Debug|x86.Build.0 = Debug|Win32
		{F7BF4CBE-F33B-4B8C-8A2C-5922C4D7A599}.Release|x64.ActiveCfg = Release|x64
		{F7BF4CBE-F33B-4B8C-8A2C-5922C4D7A599}.Release|x64.Build.0 = Release|x64
		{F7BF4CBE-F33B-4B8C-8A2C-5922C4D7A599}.Release|x86.ActiveCfg = Release|Win32
		{F7BF4CBE-F33B-4B8C-8A2C-5922C4D7A599}.Release|x86.Build.0 = Release|Win32
		{88B29384-8120-4096-AC1F-66656B0573B7}.Debug|x64.ActiveCfg = Debug|x64
		{88B29384-8120-4096-AC1F-66656B0573B7}.Debug|x64.Build.0 = Debug|x64
		{88B29384-8120-4096-AC1F-66656B0573B7}.Debug|x86.ActiveCfg = Debug|Win32
		{88B29384-8120-4096-AC1F-66656B0573B7}.Debug|x86.Build.0 = Debug|Win32
		{88B29384-8120-4096-AC1F-66656B0573B7}.Release|x64.ActiveCfg = Release|x64
		{88B29384-8120-4096-AC1F-66656B0573B7}.Release|x64.Build.0 = Release|x64
		{88B29384-8120-4096-AC1F-66656B0573B7}.Release|x86.ActiveCfg = Release|Win32
		{88B29384-8120-4096-AC1F-66656B0573B7}.Release|x86.Build.0 = Release|Win32
		{BF31C2BB-3A4A-46EB-A1CD-B9090F6CB23F}.Debug|x64.ActiveCfg = Debug|x64
		{BF31C2BB-3A4A-46EB-A1CD-B9090F6CB23F}.Debug|x64.Build.0 = Debug|x64
		{BF31C2BB-3A4A-46EB-A1CD-B9090F6CB23F}.Debug|x86.ActiveCfg = Debug|Win32
		{BF31C2BB-3A4A-46EB-A1CD-B9090F6CB23F}.Debug|x86.Build.0 = Debug|Win32
		{BF31C2BB-3A4A-46EB-A1CD-B9090F6CB23F}.Release|x64.ActiveCfg = Release|x64
		{BF31C2BB-3A4A-46EB-A1CD-B9090F6CB23F}.Release|x64.Build.0 = Release|x64
		{BF31C2BB-3A4A-46EB-A1CD-B9090F6CB23F}.Release|x86.ActiveCfg = Release|Win32
		{BF31C2BB-3A4A-46EB-A1CD-B9090F6CB23F}.Release|x86.Build.0 = Release|Win32
		{56FC463F-F3CE-49E5-8303-88319DADF2F3}.Debug|x64.ActiveCfg = Debug|x64
		{56FC463F-F3CE-49E5-8303-88319DADF2F3}.Debug|x64.Build.0 = Debug|x64
		{56FC463F-F3CE-49E5-8303-88319DADF2F3}.Debug|x86.ActiveCfg = Debug|Win32
		{56FC463F-F3CE-49E5-8303-88319DADF2F3}.Debug|x86.Build.0 = Debug|Win32
		{56FC463F-F3CE-49E5-8303-88319DADF2F3}.Release|x64.ActiveCfg = Release|x64
		{56FC463F-F3CE-49E5-8303-88319DADF2F3}.Release|x64.Build.0 = Release|x64
		{56FC463F-F3CE-49E5-8303-88319DADF2F3}.Release|x86.ActiveCfg = Release|Win32
		{56FC463F-F3CE-49E5-8303-88319DADF2F3}.Release|x86.Build.0 = Release|Win32
		{8604C59D-ADA5-45AC-A1EF-C49CA53D44BB}.Debug|x64.ActiveCfg = Debug|x64
		{8604C59D-ADA5-45AC-A1EF-C49CA53D44BB}.Debug|x64.Build.0 = Debug|x64
		{8604C59D-ADA5-45AC-A1EF-C49CA53D44BB}.Debug|x86.ActiveCfg = Debug|Win32
		{8604C59D-ADA5-45AC-A1EF-C49CA53D44BB}.Debug|x86.Build.0 = Debug|Win32
		{8604C59D-ADA5-45AC-A1EF-C49CA53D44BB}.Release|x64.ActiveCfg = Release|x64
		{8604C59D-ADA5-45AC-A1EF-C49CA53D44BB}.Release|x64.Build.0 = Release|x64
		{8604C59D-ADA5-45AC-A1EF-C49CA53D44BB}.Release|x86.ActiveCfg = Release|Win32
		{8604C59D-ADA5-45AC-A1EF-C49CA53D44BB}.Release|x86.Build.0 = Release|Win32
		{7C3D29EE-FCDE-4B8F-B516-F8AF9C0F45D1}.Debug|x64.ActiveCfg = Debug|x64
		{7C3D29EE-FCDE-4B8F-B516-F8AF9C0F45D1}.Debug|x64.Build.0 = Debug|x64
		{7C3D29EE-FCDE-4B8F-B516-F8AF9C0F45D1}.Debug|x86.ActiveCfg = Debug|Win32
		{7C3D29EE-FCDE-4B8F-B516-F8AF9C0F45D1}.Debug|x86.Build.0 = Debug|Win32
		{7C3D29EE-FCDE-4B8F-B516-F8AF9C0F45D1}.Release|x64.ActiveCfg = Release|x64
		{7C3D29EE-FCDE-4B8F-B516-F8AF9C0F45D1}.Release|x64.Build.0 = Release|x64
		{7C3D29EE-FCDE-4B8F-B516-F8AF9C0F45D1}.Release|x86.ActiveCfg = Release|Win32
		{7C3D29EE-FCDE-4B8F-B516-F8AF9C0F45D1}.Release|x86.Build.0 = Release|Win32
		{1E07C1CA-4621-4DD4-93EE-1FFC34A9CDD9}.Debug|x64.ActiveCfg = Debug|x64
		{1E07C1CA-4621-4DD4-93EE-1FFC34A9CDD9}.Debug|x64.Build.0 = Debug|x64
		{1E07C1CA-4621-4DD4-93EE-1FFC34A9CDD9}.Debug|x86.ActiveCfg = Debug|Win32
		{1E07C1CA-4621-4DD4-93EE-1FFC34A9CDD9}.Debug|x86.Build.0 = Debug|Win32
		{1E07C1CA-4621-4DD4-93EE-1FFC34A9CDD9}.Release|x64.ActiveCfg = Release|x64
		{1E07C1CA-4621-4DD4-93EE-1FFC34A9CDD9}.Release|x64.Build.0 = Release|x64
		{1E07C1CA-4621-4DD4-93EE-1FFC34A9CDD9}.Release|x86.ActiveCfg = Release|Win32
		{1E07C1CA-4621-4DD4-93EE-1FFC34A9CDD9}.Release|x86.Build.0 = Release|Win32
		{99019655-1421-4E4A-9CAC-3442F3E753FC}.Debug|x64.ActiveCfg = Debug|x64
		{99019655-1421-4E4A-9CAC-3442F3E753FC}.Debug|x64.Build.0 = Debug|x64
		{99019655-1421-4E4A-9CAC-3442F3E753FC}.Debug|x86.ActiveCfg = Debug|Win32
		{99019655-1421-4E4A-9CAC-3442F3E753FC}.Debug|x86.Build.0 = Debug|Win32
		{99019655-1421-4E4A-9CAC-3442F3E753FC}.Release|x64.ActiveCfg = Release|x64
		{99019655-1421-4E4A-9CAC-3442F3E753FC}.Release|x64.Build.0 = Release|x64
		{99019655-1421-4E4A-9CAC-3442F3E753FC}.Release|x86.ActiveCfg = Release|Win32
		{99019655-1421-4E4A-9CAC-3442F3E753FC}.Release|x86.Build.0 = Release|Win32
		{41AAF65C-F6DF-460C-9AD2-EA0071791BAF}.Debug|x64.ActiveCfg = Debug|x64
		{41AAF65C-F6DF-460C-9AD2-EA0071791BAF}.Debug|x64.Build.0 = Debug|x64
		{41AAF65C-F6DF-460C-9AD2-EA0071791BAF}.Debug|x86.ActiveCfg = Debug|Win32
		{41AAF65C-F6DF-460C-9AD2-EA0071791BAF}.Debug|x86.Build.0 = Debug|Win32
		{41AAF65C-F6DF-460C-9AD2-EA0071791BAF}.Release|x64.ActiveCfg = Release|x64
		{41AAF65C-F6DF-460C-9AD2-EA0071791BAF}.Release|x64.Build.0 = Release|x64
		{41AAF65C-F6DF-460C-9AD2-EA0071791BAF}.Release|x86.ActiveCfg = Release|Win32
		{41AAF65C-F6DF-460C-9AD2-EA0071791BAF}.Release|x86.Build.0 = Release|Win32
		{F6B470BE-1663-4DCE-BC40-66C8348C0B1E}.Debug|x64.ActiveCfg = Debug|x64
		{F6B470BE-1663-4DCE-BC40-66C8348C0B1E}.Debug|x64.Build.0 = Debug|x64
		{F6B470BE-1663-4DCE-BC40-66C8348C0B1E}.Debug|x86.ActiveCfg = Debug|Win32
		{F6B470BE-1663-4DCE-BC40-66C8348C0B1E}.Debug|x86.Build.0 = Debug|Win32
		{F6B470BE-1663-4DCE-BC40-66C8348C0B1E}.Release|x64.ActiveCfg = Release|x64
		{F6B470BE-1663-4DCE-BC40-66C8348C0B1E}.Release|x64.Build.0 = Release|x64
		{F6B470BE-1663-4DCE-BC40-66C8348C0B1E}.Release|x86.ActiveCfg = Release|Win32
		{F6B470BE-1663-4DCE-BC40-66C8348C0B1E}.Release|x86.Build.0 = Release|Win32
		{3B80866B-DB15-4DA7-BBE8-871A49723D76}.Debug|x64.ActiveCfg = Debug|x64
		{3B80866B-DB15-4DA7-BBE8-871A49723D76}.Debug|x64.Build.0 = Debug|x64
		{3B80866B-DB15-4DA7-BBE8-871A49723D76}.Debug|x86.ActiveCfg = Debug|Win32
		{3B80866B-DB15-4DA7-BBE8-871A49723D76}.Debug|x86.Build.0 = Debug|Win32
		{3B80866B-DB15-4DA7-BBE8-871A49723D76}.Release|x64.ActiveCfg = Release|x64
		{3B80866B-DB15-4DA7-BBE8-871A49723D76}.Release|x64.Build.0 = Release|x64
		{3B80866B-DB15-4DA7-BBE8-871A49723D76}.Release|x86.ActiveCfg = Release|Win32
		{3B80866B-DB15-4DA7-BBE8-871A49723D76}.Release|x86.Build.0 = Release|Win32
		{CD8C8DCF-D7CE-4023-AEEC-7924D004766F}.Debug|x64.ActiveCfg = Debug|x64
		{CD8C8DCF-D7CE-4023-AEEC-7924D004766F}.Debug|x64.Build.0 = Debug|x64
		{CD8C8DCF-D7CE-4023-AEEC-7924D004766F}.Debug|x86.ActiveCfg = Debug|Win32
		{CD8C8DCF-D7CE-4023-AEEC-7924D004766F}.Debug|x86.Build.0 = Debug|Win32
		{CD8C8DCF-D7CE-4023-AEEC-7924D004766F}.Release|x64.ActiveCfg = Release|x64
		{CD8C8DCF-D7CE-4023-AEEC-7924D004766F}.Release|x64.Build.0 = Release|x64
		{CD8C8DCF-D7CE-4023-AEEC-7924D004766F}.Release|x86.ActiveCfg = Release|Win32
		{CD8C8DCF-D7CE-4023-AEEC-7924D004766F}.Release|x86.Build.0 = Release|Win32
		{54471396-C72D-4E48-BA89-386888E9EDC7}.Debug|x64.ActiveCfg = Debug|x64
		{54471396-C72D-4E48-BA89-386888E9EDC7}.Debug|x64.Build.0 = Debug|x64
		{54471396-C72D-4E48-BA89-386888E9EDC7}.Debug|x86.ActiveCfg = Debug|Win32
		{54471396-C72D-4E48-BA89-386888E9EDC7}.Debug|x86.Build.0 = Debug|Win32
		{54471396-C72D-4E48-BA89-386888E9EDC7}.Release|x64.ActiveCfg = Release|x64
		{54471396-C72D-4E48-BA89-386888E9EDC7}.Release|x64.Build.0 = Release|x64
		{54471396-C72D-4E48-BA89-386888E9EDC7}.Release|x86.ActiveCfg = Release|Win32
		{54471396-C72D-4E48-BA89-386888E9EDC7}.Release|x86.Build.0 = Release|Win32
		{B036CC6D-AAC6-4AC9-88F3-35202211A520}.Debug|x64.ActiveCfg = Debug|x64
		{B036CC6D-AAC6-4AC9-88F3-35202211A520}.Debug|x64.Build.0 = Debug|x64
		{B036CC6D-AAC6-4AC9-88F3-35202211A520}.Debug|x86.ActiveCfg = Debug|Win32
		{B036CC6D-AAC6-4AC9-88F3-35202211A520}.Debug|x86.Build.0 = Debug|Win32
		{B036CC6D-AAC6-4AC9-88F3-35202211A520}.Release|x64.ActiveCfg = Release|x64
		{B036CC6D-AAC6-4AC9-88F3-35202211A520}.Release|x64.Build.0 = Release|x64
		{B036CC6D-AAC6-4AC9-88F3-35202211A520}.Release|x86.ActiveCfg = Release|Win32
		{B036CC6D-AAC6-4AC9-88F3-35202211A520}.Release|x86.Build.0 = Release|Win32
		{9CE814CC-6C9F-4E20-9CF2-19222DABC4EB}.Debug|x64.ActiveCfg = Debug|x64
		{9CE814CC-6C9F-4E20-9CF2-19222DABC4EB}.Debug|x64.Build.0 = Debug|x64
		{9CE814CC-6C9F-4E20-9CF2-19222DABC4EB}.Debug|x86.ActiveCfg = Debug|Win32
		{9CE814CC-6C9F-4E20-9CF2-19222DABC4EB}.Debug|x86.Build.0 = Debug|Win32
		{9CE814CC-6C9F-4E20-9CF2-19222DABC4EB}.Release|x64.ActiveCfg = Release|x64
		{9CE814CC-6C9F-4E20-9CF2-19222DABC4EB}.Release|x64.Build.0 = Release|x64
		{9CE814CC-6C9F-4E20-9CF2-19222DABC4EB}.Release|x86.ActiveCfg = Release|Win32
		{9CE814CC-6C9F-4E20-9CF2-19222DABC4EB}.Release|x86.Build.0 = Release|Win32
		{390C8E4F-DB1C-48FA-9059-92AEB7BD98FB}.Debug|x64.ActiveCfg = Debug|x64
		{390C8E4F-DB1C-48FA-9059-92AEB7BD98FB}.Debug|x64.Build.0 = Debug|x64
		{390C8E4F-DB1C-48FA-9059-92AEB7BD98FB}.Debug|x86.ActiveCfg = Debug|Win32
		{390C8E4F-DB1C-48FA-9059-92AEB7BD98FB}.Debug|x86.Build.0 = Debug|Win32
		{390C8E4F-DB1C-48FA-9059-92AEB7BD98FB}.Release|x64.ActiveCfg = Release|x64
		{390C8E4F-DB1C-48FA-9059-92AEB7BD98FB}.Release|x64.Build.0 = Release|x64
		{390C8E4F-DB1C-48FA-9059-92AEB7BD98FB}.Release|x86.ActiveCfg = Release|Win32
		{390C8E4F-DB1C-48FA-9059-92AEB7BD98FB}.Release|x86.Build.0 = Release|Win32
		{1F149D04-A443-4A05-A35B-4A7BC45FEE5F}.Debug|x64.ActiveCfg = Debug|x64
		{1F149D04-A443-4A05-A35B-4A7BC45FEE5F}.Debug|x64.Build.0 = Debug|x64
		{1F149D04-A443-4A05-A35B-4A7BC45FEE5F}.Debug|x86.ActiveCfg = Debug|Win32
		{1F149D04-A443-4A05-A35B-4A7BC45FEE5F}.Debug|x86.Build.0 = Debug|Win32
		{1F149D04-A443-4A05-A35B-4A7BC45FEE5F}.Release|x64.ActiveCfg = Release|x64
		{1F149D04-A443-4A05-A35B-4A7BC45FEE5F}.Release|x64.Build.0 = Release|x64
		{1F149D04-A443-4A05-A35B-4A7BC45FEE5F}.Release|x86.ActiveCfg = Release|Win32
		{1F149D04-A443-4A05-A35B-4A7BC45FEE5F}.Release|x86.Build.0 = Release|Win32
		{A2484FDB-9E4F-447B-A76C-2380A3C32041}.Debug|x64.ActiveCfg = Debug|x64
		{A2484FDB-9E4F-447B-A76C-2380A3C32041}.Debug|x64.Build.0 = Debug|x64
		{A2484FDB-9E4F-447B-A76C-2380A3C32041}.Debug|x86.ActiveCfg = Debug|Win32
		{A2484FDB-9E4F-447B-A76C-2380A3C32041}.Debug|x86.Build.0 = Debug|Win32
		{A2484FDB-9E4F-447B-A76C-2380A3C32041}.Release|x64.ActiveCfg = Release|x64
		{A2484FDB-9E4F-447B-A76C-2380A3C32041}.Release|x64.Build.0 = Release|x64
		{A2484FDB-9E4F-447B-A76C-2380A3C32041}.Release|x86.ActiveCfg = Release|Win32
		{A2484FDB-9E4F-447B-A76C-2380A3C32041}.Release|x86.Build.0 = Release|Win32
		{21D9A5F7-5F5F-4A59-8AEB-13B7268AC71C}.Debug|x64.ActiveCfg = Debug|x64
		{21D9A5F7-5F5F-4A59-8AEB-13B7268AC71C}.Debug|x64.Build.0 = Debug|x64
		{21D9A5F7-5F5F-4A59-8AEB-13B7268AC71C}.Debug|x86.ActiveCfg = Debug|Win32
		{21D9A5F7-5F5F-4A59-8AEB-13B7268AC71C}.Debug|x86.Build.0 = Debug|Win32
		{21D9A5F7-5F5F-4A59-8AEB-13B7268AC71C}.Release|x64.ActiveCfg = Release|x64
		{21D9A5F7-5F5F-4A59-8AEB-13B7268AC71C}.Release|x64.Build.0 = Release|x64
		{21D9A5F7-5F5F-4A59-8AEB-13B7268AC71C}.Release|x86.ActiveCfg = Release|Win32
		{21D9A5F7-5F5F-4A59-8AEB-13B7268AC71C}.Release|x86.Build.0 = Release|Win32
		{0B94D812-35DF-4EB2-99F8-34C7C53E0944}.Debug|x64.ActiveCfg = Debug|x64
		{0B94D812-35DF-4EB2-99F8-34C7C53E0944}.Debug|x64.Build.0 = Debug|x64
		{0B94D812-35DF-4EB2-99F8-34C7C53E0944}.Debug|x86.ActiveCfg = Debug|Win32
		{0B94D812-35DF-4EB2-99F8-34C7C53E0944}.Debug|x86.Build.0 = Debug|Win32
		{0B94D812-35DF-4EB2-99F8-34C7C53E0944}.Release|x64.ActiveCfg = Release|x64
		{0B94D812-35DF-4EB2-99F8-34C7C53E0944}.Release|x64.Build.0 = Release|x64
		{0B94D812-35DF-4EB2-99F8-34C7C53E0944}.Release|x86.ActiveCfg = Release|Win32
		{0B94D812-35DF-4EB2-99F8-34C7C53E0944}.Release|x86.Build.0 = Release|Win32
		{824E0EED-1359-4E2E-AD57-D1A1413DE69D}.Debug|x64.ActiveCfg = Debug|x64
		{824E0EED-1359-4E2E-AD57-D1A1413DE69D}.Debug|x64.Build.0 = Debug|x64
		{824E0EED-1359-4E2E-AD57-D1A1413DE69D}.Debug|x86.ActiveCfg = Debug|Win32
		{824E0EED-1359-4E2E-AD57-D1A1413DE69D}.Debug|x86.Build.0 = Debug|Win32
		{824E0EED-1359-4E2E-AD57-D1A1413DE69D}.Release|x64.ActiveCfg = Release|x64
		{824E0EED-1359-4E2E-AD57-D1A1413DE69D}.Release|x64.Build.0 = Release|x64
		{824E0EED-1359-4E2E-AD57-D1A1413DE69D}.Release|x86.ActiveCfg = Release|Win32
		{824E0EED-1359-4E2E-AD57-D1A1413DE69D}.Release|x86.Build.0 = Release|Win32
		{E17063C0-74CF-489C-842B-19441D6DE519}.Debug|x64.ActiveCfg = Debug|x64
		{E17063C0-74CF-489C-842B-19441D6DE519}.Debug|x64.Build.0 = Debug|x64
		{E17063C0-74CF-489C-842B-19441D6DE519}.Debug|x86.ActiveCfg = Debug|Win32
		{E17063C0-74CF-489C-842B-19441D6DE519}.Debug|x86.Build.0 = Debug|Win32
		{E17063C0-74CF-489C-842B-19441D6DE519}.Release|x64.ActiveCfg = Release|x64
		{E17063C0-74CF-489C-842B-19441D6DE519}.Release|x64.Build.0 = Release|x64
		{E17063C0-74CF-489C-842B-19441D6DE519}.Release|x86.ActiveCfg = Release|Win32
		{E17063C0-74CF-489C-842B-19441D6DE519}.Release|x86.Build.0 = Release|Win32
		{8995B18A-28D4-40E1-B71E-FB06F36D1EF5}.Debug|x64.ActiveCfg = Debug|x64
		{8995B18A-28D4-40E1-B71E-FB06F36D1EF5}.Debug|x64.Build.0 = Debug|x64
		{8995B18A-28D4-40E1-B71E-FB06F36D1EF5}.Debug|x86.ActiveCfg = Debug|Win32
		{8995B18A-28D4-40E1-B71E-FB06F36D1EF5}.Debug|x86.Build.0 = Debug|Win32
		{8995B18A-28D4-40E1-B71E-FB06F36D1EF5}.Release|x64.ActiveCfg = Release|x64
		{8995B18A-28D4-40E1-B71E-FB06F36D1EF5}.Release|x64.Build.0 = Release|x64
		{8995B18A-28D4-40E1-B71E-FB06F36D1EF5}.Release|x86.ActiveCfg = Release|Win32
		{8995B18A-28D4-40E1-B71E-FB06F36D1EF5}.Release|x86.Build.0 = Release|Win32
		{BC72FA2F-F219-4395-88B0-53C170293A42}.Debug|x64.ActiveCfg = Debug|x64
		{BC72FA2F-F219-4395-88B0-53C170293A42}.Debug|x64.Build.0 = Debug|x64
		{BC72FA2F-F219-4395-88B0-53C170293A42}.Debug|x86.ActiveCfg = Debug|Win32
		{BC72FA2F-F219-4395-88B0-53C170293A42}.Debug|x86.Build.0 = Debug|Win32
		{BC72FA2F-F219-4395-88B0-53C170293A42}.Release|x64.ActiveCfg = Release|x64
		{BC72FA2F-F219-4395-88B0-53C170293A42}.Release|x64.Build.0 = Release|x64
		{BC72FA2F-F219-4395-88B0-53C170293A42}.Release|x86.ActiveCfg = Release|Win32
		{BC72FA2F-F219-4395-88B0-53C170293A42}.Release|x86.Build.0 = Release|Win32
		{F576DD07-AA3A-48F8-BC27-4B3D37B70E67}.Debug|x64.ActiveCfg = Debug|x64
		{F576DD07-AA3A-48F8-BC27-4B3D37B70E67}.Debug|x64.Build.0 = Debug|x64
		{F576DD07-AA3A-48F8-BC27-4B3D37B70E67}.Debug|x86.ActiveCfg = Debug|Win32
		{F576DD07-AA3A-48F8-BC27-4B3D37B70E67}.Debug|x86.Build.0 = Debug|Win32
		{F576DD07-AA3A-48F8-BC27-4B3D37B70E67}.Release|x64.ActiveCfg = Release|x64
		{F576DD07-AA3A-48F8-BC27-4B3D37B70E67}.Release|x64.Build.0 = Release|x64
		{F576DD07-AA3A-48F8-BC27-4B3D37B70E67}.Release|x86.ActiveCfg = Release|Win32
		{F576DD07-AA3A-48F8-BC27-4B3D37B70E67}.Release|x86.Build.0 = Release|Win32
		{20411A9B-43E1-4F7E-96B9-7BD2412CCFBD}.Debug|x64.ActiveCfg = Debug|x64
		{20411A9B-43E1-4F7E-96B9-7BD2412CCFBD}.Debug|x64.Build.0 = Debug|x64
		{20411A9B-43E1-4F7E-96B9-7BD2412CCFBD}.Debug|x86.ActiveCfg = Debug|Win32
		{20411A9B-43E1-4F7E-96B9-7BD2412CCFBD}.Debug|x86.Build.0 = Debug|Win32
		{20411A9B-43E1-4F7E-96B9-7BD2412CCFBD}.Release|x64.ActiveCfg = Release|x64
		{20411A9B-43E1-4F7E-96B9-7BD2412CCFBD}.Release|x64.Build.0 = Release|x64
		{20411A9B-43E1-4F7E-96B9-7BD2412CCFBD}.Release|x86.ActiveCfg = Release|Win32
		{20411A9B-43E1-4F7E-96B9-7BD2412CCFBD}.Release|x86.Build.0 = Release|Win32
		{F9B27697-F8B2-4F48-86CF-291224525025}.Debug|x64.ActiveCfg = Debug|x64
		{F9B27697-F8B2-4F48-86CF-291224525025}.Debug|x64.Build.0 = Debug|x64
		{F9B27697-F8B2-4F48-86CF-291224525025}.Debug|x86.ActiveCfg = Debug|Win32
		{F9B27697-F8B2-4F48-86CF-291224525025}.Debug|x86.Build.0 = Debug|Win32
		{F9B27697-F8B2-4F48-86CF-291224525025}.Release|x64.ActiveCfg = Release|x64
		{F9B27697-F8B2-4F48-86CF-291224525025}.Release|x64.Build.0 = Release|x64
		{F9B27697-F8B2-4F48-86CF-291224525025}.Release|x86.ActiveCfg = Release|Win32
		{F9B27697-F8B2-4F48-86CF-291224525025}.Release|x86.Build.0 = Release|Win32
		{6A1A3331-3E60-4F10-9881-5C92BDE142CA}.Debug|x64.ActiveCfg = Debug|x64
		{6A1A3331-3E60-4F10-9881-5C92BDE142CA}.Debug|x64.Build.0 = Debug|x64
		{6A1A3331-3E60-4F10-9881-5C92BDE142CA}.Debug|x86.ActiveCfg = Debug|Win32
		{6A1A3331-3E60-4F10-9881-5C92BDE142CA}.Debug|x86.Build.0 = Debug|Win32
		{6A1A3331-3E60-4F10-9881-5C92BDE142CA}.Release|x64.ActiveCfg = Release|x64
		{6A1A3331-3E60-4F10-9881-5C92BDE142CA}.Release|x64.Build.0 = Release|x64
		{6A1A3331-3E60-4F10-9881-5C92BDE142CA}.Release|x86.ActiveCfg = Release|Win32
		{6A1A3331-3E60-4F10-9881-5C92BDE142CA}.Release|x86.Build.0 = Release|Win32
		{E5B68184-6D08-4E80-B2B9-3903470C952C}.Debug|x64.ActiveCfg = Debug|x64
		{E5B68184-6D08-4E80-B2B9-3903470C952C}.Debug|x64.Build.0 = Debug|x64
		{E5B68184-6D08-4E80-B2B9-3903470C952C}.Debug|x86.ActiveCfg = Debug|Win32
		{E5B68184-6D08-4E80-B2B9-3903470C952C}.Debug|x86.Build.0 = Debug|Win32
		{E5B68184-6D08-4E80-B2B9-3903470C952C}.Release|x64.ActiveCfg = Release|x64
		{E5B68184-6D08-4E80-B2B9-3903470C952C}.Release|x64.Build.0 = Release|x64
		{E5B68184-6D08-4E80-B2B9-3903470C952C}.Release|x86.ActiveCfg = Release|Win32
		{E5B68184-6D08-4E80-B2B9-3903470C952C}.Release|x86.Build.0 = Release|Win32
		{5A1A9314-AAE9-419E-ABEB-CC41B18FA5C4}.Debug|x64.ActiveCfg = Debug|x64
		{5A1A9314-AAE9-419E-ABEB-CC41B18FA5C4}.Debug|x64.Build.0 = Debug|x64
		{5A1A9314-AAE9-419E-ABEB-CC41B18FA5C4}.Debug|x86.ActiveCfg = Debug|Win32
		{5A1A9314-AAE9-419E-ABEB-CC41B18FA5C4}.Debug|x86.Build.0 = Debug|Win32
		{5A1A9314-AAE9-419E-ABEB-CC41B18FA5C4}.Release|x64.ActiveCfg = Release|x64
		{5A1A9314-AAE9-419E-ABEB-CC41B18FA5C4}.Release|x64.Build.0 = Release|x64
		{5A1A9314-AAE9-419E-ABEB-CC41B18FA5C4}.Release|x86.ActiveCfg = Release|Win32
		{5A1A9314-AAE9-419E-ABEB-CC41B18FA5C4}.Release|x86.Build.0 = Release|Win32
		{8D9588D8-6040-4251-AF1B-37346DDDEEF7}.Debug|x64.ActiveCfg = Debug|x64
		{8D9588D8-6040-4251-AF1B-37346DDDEEF7}.Debug|x64.Build.0 = Debug|x64
		{8D9588D8-6040-4251-AF1B-37346DDDEEF7}.Debug|x86.ActiveCfg = Debug|Win32
		{8D9588D8-6040-4251-AF1B-37346DDDEEF7}.Debug|x86.Build.0 = Debug|Win32
		{8D9588D8-6040-4251-AF1B-37346DDDEEF7}.Release|x64.ActiveCfg = Release|x64
		{8D9588D8-6040-4251-AF1B-37346DDDEEF7}.Release|x64.Build.0 = Release|x64
		{8D9588D8-6040-4251-AF1B-37346DDDEEF7}.Release|x86.ActiveCfg = Release|Win32
		{8D9588D8-6040-4251-AF1B-37346DDDEEF7}.Release|x86.Build.0 = Release|Win32
		{8FF78E0A-4D43-4AD5-AEB9-38D2B9FBD603}.Debug|x64.ActiveCfg = Debug|x64
		{8FF78E0A-4D43-4AD5-AEB9-38D2B9FBD603}.Debug|x64.Build.0 = Debug|x64
		{8FF78E0A-4D43-4AD5-AEB9-38D2B9FBD603}.Debug|x86.ActiveCfg = Debug|Win32
		{8FF78E0A-4D43-4AD5-AEB9-38D2B9FBD603}.Debug|x86.Build.0 = Debug|Win32
		{8FF78E0A-4D43-4AD5-AEB9-38D2B9FBD603}.Release|x64.ActiveCfg = Release|x64
		{8FF78E0A-4D43-4AD5-AEB9-38D2B9FBD603}.Release|x64.Build.0 = Release|x64
		{8FF78E0A-4D43-4AD5-AEB9-38D2B9FBD603}.Release|x86.ActiveCfg = Release|Win32
		{8FF78E0A-4D43-4AD5-AEB9-38D2B9FBD603}.Release|x86.Build.0 = Release|Win32
		{B685FA28-1DA3-41EE-B268-D841D7AB0123}.Debug|x64.ActiveCfg = Debug|x64
		{B685FA28-1DA3-41EE-B268-D841D7AB0123}.Debug|x64.Build.0 = Debug|x64
		{B685FA28-1DA3-41EE-B268-D841D7AB0123}.Debug|x86.ActiveCfg = Debug|Win32
		{B685FA28-1DA3-41EE-B268-D841D7AB0123}.Debug|x86.Build.0 = Debug|Win32
		{B685FA28-1DA3-41EE-B268-D841D7AB0123}.Release|x64.ActiveCfg = Release|x64
		{B685FA28-1DA3-41EE-B268-D841D7AB0123}.Release|x64.Build.0 = Release|x64
		{B685FA28-1DA3-41EE-B268-D841D7AB0123}.Release|x86.ActiveCfg = Release|Win32
		{B685FA28-1DA3-41EE-B268-D841D7AB0123}.Release|x86.Build.0 = Release|Win32
		{39A395CC-31E9-4BB7-904A-F4041544DE66}.Debug|x64.ActiveCfg = Debug|x64
		{39A395CC-31E9-4BB7-904A-F4041544DE66}.Debug|x64.Build.0 = Debug|x64
		{39A395CC-31E9-4BB7-904A-F4041544DE66}.Debug|x86.ActiveCfg = Debug|Win32
		{39A395CC-31E9-4BB7-904A-F4041544DE66}.Debug|x86.Build.0 = Debug|Win32
		{39A395CC-31E9-4BB7-904A-F4041544DE66}.Release|x64.ActiveCfg = Release|x64
		{39A395CC-31E9-4BB7-904A-F4041544DE66}.Release|x64.Build.0 = Release|x64
		{39A395CC-31E9-4BB7-904A-F4041544DE66}.Release|x86.ActiveCfg = Release|Win32
		{39A395CC-31E9-4BB7-904A-F4041544DE66}.Release|x86.Build.0 = Release|Win32
		{F3D043CC-B78E-4811-A095-EBE2776BBC71}.Debug|x64.ActiveCfg = Debug|x64
		{F3D043CC-B78E-4811-A095-EBE2776BBC71}.Debug|x64.Build.0 = Debug|x64
		{F3D043CC-B78E-4811-A095-EBE2776BBC71}.Debug|x86.ActiveCfg = Debug|Win32
		{F3D043CC-B78E-4811-A095-EBE2776BBC71}.Debug|x86.Build.0 = Debug|Win32
		{F3D043CC-B78E-4811-A095-EBE2776BBC71}.Release|x64.ActiveCfg = Release|x64
		{F3D043CC-B78E-4811-A095-EBE2776BBC71}.Release|x64.Build.0 = Release|x64
		{F3D043CC-B78E-4811-A095-EBE2776BBC71}.Release|x86.ActiveCfg = Release|Win32
		{F3D043CC-B78E-4811-A095-EBE2776BBC71}.Release|x86.Build.0 = Release|Win32
		{351A6C2D-B749-4EF9-A656-5DC6C0B20362}.Debug|x64.ActiveCfg = Debug|x64
		{351A6C2D-B749-4EF9-A656-5DC6C0B20362}.Debug|x64.Build.0 = Debug|x64
		{351A6C2D-B749-4EF9-A656-5DC6C0B20362}.Debug|x86.ActiveCfg = Debug|Win32
		{351A6C2D-B749-4EF9-A656-5DC6C0B20362}.Debug|x86.Build.0 = Debug|Win32
		{351A6C2D-B749-4EF9-A656-5DC6C0B20362}.Release|x64.ActiveCfg = Release|x64
		{351A6C2D-B749-4EF9-A656-5DC6C0B20362}.Release|x64.Build.0 = Release|x64
		{351A6C2D-B749-4EF9-A656-5DC6C0B20362}.Release|x86.ActiveCfg = Release|Win32
		{351A6C2D-B749-4EF9-A656-5DC6C0B20362}.Release|x86.Build.0 = Release|Win32
		{00000BA0-B33B-4FF0-B616-F6DEB5B07F47}.Debug|x64.ActiveCfg = Debug|x64
		{00000BA0-B33B-4FF0-B616-F6DEB5B07F47}.Debug|x64.Build.0 = Debug|x64
		{00000BA0-B33B-4FF0-B616-F6DEB5B07F47}.Debug|x86.ActiveCfg = Debug|Win32
		{00000BA0-B33B-4FF0-B616-F6DEB5B07F47}.Debug|x86.Build.0 = Debug|Win32
		{00000BA0-B33B-4FF0-B616-F6DEB5B07F47}.Release|x64.ActiveCfg = Release|x64
		{00000BA0-B33B-4FF0-B616-F6DEB5B07F47}.Release|x64.Build.0 = Release|x64
		{00000BA0-B33B-4FF0-B616-F6DEB5B07F47}.Release|x86.ActiveCfg = Release|Win32
		{00000BA0-B33B-4FF0-B616-F6DEB5B07F47}.Release|x86.Build.0 = Release|Win32
		{E9B2D653-3955-4985-BCD8-59BB7BF3C8E2}.Debug|x64.ActiveCfg = Debug|x64
		{E9B2D653-3955-4985-BCD8-59BB7BF3C8E2}.Debug|x64.Build.0 = Debug|x64
		{E9B2D653-3955-4985-BCD8-59BB7BF3C8E2}.Debug|x86.ActiveCfg = Debug|Win32
		{E9B2D653-3955-4985-BCD8-59BB7BF3C8E2}.Debug|x86.Build.0 = Debug|Win32
		{E9B2D653-3955-4985-BCD8-59BB7BF3C8E2}.Release|x64.ActiveCfg = Release|x64
		{E9B2D653-3955-4985-BCD8-59BB7BF3C8E2}.Release|x64.Build.0 = Release|x64
		{E9B2D653-3955-4985-BCD8-59BB7BF3C8E2}.Release|x86.ActiveCfg = Release|Win32
		{E9B2D653-3955-4985-BCD8-59BB7BF3C8E2}.Release|x86.Build.0 = Release|Win32
		{5B507F81-7CFE-4F3C-AD68-2CDDA667477D}.Debug|x64.ActiveCfg = Debug|x64
		{5B507F81-7CFE-4F3C-AD68-2CDDA667477D}.Debug|x64.Build.0 = Debug|x64
		{5B507F81-7CFE-4F3C-AD68-2CDDA667477D}.Debug|x86.ActiveCfg = Debug|Win32
		{5B507F81-7CFE-4F3C-AD68-2CDDA667477D}.Debug|x86.Build.0 = Debug|Win32
		{5B507F81-7CFE-4F3C-AD68-2CDDA667477D}.Release|x64.ActiveCfg = Release|x64
		{5B507F81-7CFE-4F3C-AD68-2CDDA667477D}.Release|x64.Build.0 = Release|x64
		{5B507F81-7CFE-4F3C-AD68-2CDDA667477D}.Release|x86.ActiveCfg = Release|Win32
		{5B507F81-7CFE-4F3C-AD68-2CDDA667477D}.Release|x86.Build.0 = Release|Win32
		{1BF3A016-6245-49ED-99D8-6436BD2B6F88}.Debug|x64.ActiveCfg = Debug|x64
		{1BF3A016-6245-49ED-99D8-6436BD2B6F88}.Debug|x64.Build.0 = Debug|x64
		{1BF3A016-6245-49ED-99D8-6436BD2B6F88}.Debug|x86.ActiveCfg = Debug|Win32
		{1BF3A016-6245-49ED-99D8-6436BD2B6F88}.Debug|x86.Build.0 = Debug|Win32
		{1BF3A016-6245-49ED-99D8-6436BD2B6F88}.Release|x64.ActiveCfg = Release|x64
		{1BF3A016-6245-49ED-99D8-6436BD2B6F88}.Release|x64.Build.0 = Release|x64
		{1BF3A016-6245-49ED-99D8-6436BD2B6F88}.Release|x86.ActiveCfg = Release|Win32
		{1BF3A016-6245-49ED-99D8-6436BD2B6F88}.Release|x86.Build.0 = Release|Win32
		{CB371AE2-6316-437E-B5D6-6B12B003029F}.Debug|x64.ActiveCfg = Debug|x64
		{CB371AE2-6316-437E-B5D6-6B12B003029F}.Debug|x64.Build.0 = Debug|x64
		{CB371AE2-6316-437E-B5D6-6B12B003029F}.Debug|x86.ActiveCfg = Debug|Win32
		{CB371AE2-6316-437E-B5D6-6B12B003029F}.Debug|x86.Build.0 = Debug|Win32
		{CB371AE2-6316-437E-B5D6-6B12B003029F}.Release|x64.ActiveCfg = Release|x64
		{CB371AE2-6316-437E-B5D6-6B12B003029F}.Release|x64.Build.0 = Release|x64
		{CB371AE2-6316-437E-B5D6-6B12B003029F}.Release|x86.ActiveCfg = Release|Win32
		{CB371AE2-6316-437E-B5D6-6B12B003029F}.Release|x86.Build.0 = Release|Win32
		{24E1EEB3-A3B4-41E7-82CE-141BC362396C}.Debug|x64.ActiveCfg = Debug|x64
		{24E1EEB3-A3B4-41E7-82CE-141BC362396C}.Debug|x64.Build.0 = Debug|x64
		{24E1EEB3-A3B4-41E7-82CE-141BC362396C}.Debug|x86.ActiveCfg = Debug|Win32
		{24E1EEB3-A3B4-41E7-82CE-141BC362396C}.Debug|x86.Build.0 = Debug|Win32
		{24E1EEB3-A3B4-41E7-82CE-141BC362396C}.Release|x64.ActiveCfg = Release|x64
		{24E1EEB3-A3B4-41E7-82CE-141BC362396C}.Release|x64.Build.0 = Release|x64
		{24E1EEB3-A3B4-41E7-82CE-141BC362396C}.Release|x86.ActiveCfg = Release|Win32
		{24E1EEB3-A3B4-41E7-82CE-141BC362396C}.Release|x86.Build.0 = Release|Win32
		{E8E0FD62-078D-4122-8256-630B0DEC3E93}.Debug|x64.ActiveCfg = Debug|x64
		{E8E0FD62-078D-4122-8256-630B0DEC3E93}.Debug|x64.Build.0 = Debug|x64
		{E8E0FD62-078D-4122-8256-630B0DEC3E93}.Debug|x86.ActiveCfg = Debug|Win32
		{E8E0FD62-078D-4122-8256-630B0DEC3E93}.Debug|x86.Build.0 = Debug|Win32
		{E8E0FD62-078D-4122-8256-630B0DEC3E93}.Release|x64.ActiveCfg = Release|x64
		{E8E0FD62-078D-4122-8256-630B0DEC3E93}.Release|x64.Build.0 = Release|x64
		{E8E0FD62-078D-4122-8256-630B0DEC3E93}.Release|x86.ActiveCfg = Release|Win32
		{E8E0FD62-078D-4122-8256-630B0DEC3E93}.Release|x86.Build.0 = Release|Win32
		{CA8C83B6-D86B-4FD8-AF72-3B8FE7693489}.Debug|x64.ActiveCfg = Debug|x64
		{CA8C83B6-D86B-4FD8-AF72-3B8FE7693489}.Debug|x64.Build.0 = Debug|x64
		{CA8C83B6-D86B-4FD8-AF72-3B8FE7693489}.Debug|x86.ActiveCfg = Debug|Win32
		{CA8C83B6-D86B-4FD8-AF72-3B8FE7693489}.Debug|x86.Build.0 = Debug|Win32
		{CA8C83B6-D86B-4FD8-AF72-3B8FE7693489}.Release|x64.ActiveCfg = Release|x64
		{CA8C83B6-D86B-4FD8-AF72-3B8FE7693489}.Release|x64.Build.0 = Release|x64
		{CA8C83B6-D86B-4FD8-AF72-3B8FE7693489}.Release|x86.ActiveCfg = Release|Win32
		{CA8C83B6-D86B-4FD8-AF72-3B8FE7693489}.Release|x86.Build.0 = Release|Win32
		{EA39D986-0168-4235-8BCC-37A31FC0CA92}.Debug|x64.ActiveCfg = Debug|x64
		{EA39D986-0168-4235-8BCC-37A31FC0CA92}.Debug|x64.Build.0 = Debug|x64
		{EA39D986-0168-4235-8BCC-37A31FC0CA92}.Debug|x86.ActiveCfg = Debug|Win32
		{EA39D986-0168-4235-8BCC-37A31FC0CA92}.Debug|x86.Build.0 = Debug|Win32
		{EA39D986-0168-4235-8BCC-37A31FC0CA92}.Release|x64.ActiveCfg = Release|x64
		{EA39D986-0168-4235-8BCC-37A31FC0CA92}.Release|x64.Build.0 = Release|x64
		{EA39D986-0168-4235-8BCC-37A31FC0CA92}.Release|x86.ActiveCfg = Release|Win32
		{EA39D986-0168-4235-8BCC-37A31FC0CA92}.Release|x86.Build.0 = Release|Win32
	EndGlobalSection
	GlobalSection(SolutionProperties) = preSolution
		HideSolutionNode = FALSE
	EndGlobalSection
	GlobalSection(ExtensibilityGlobals) = postSolution
		SolutionGuid = {BC81BD91-FD11-4F26-99D6-22551E48D22D}
	EndGlobalSection
EndGlobal
