
Microsoft Visual Studio Solution File, Format Version 12.00
# Visual Studio Version 16
VisualStudioVersion = 16.0.30804.86
MinimumVisualStudioVersion = 10.0.40219.1
Project("{8BC9CEB8-8B4A-11D0-8D11-00A0C91BC942}") = "Chapter1_11", "Chapter1_11\Chapter1_11.vcxproj", "{C0B22330-AF1C-4A99-A2D3-5F12805F7137}"
EndProject
Project("{8BC9CEB8-8B4A-11D0-8D11-00A0C91BC942}") = "Chapter1_1", "Chapter1_1\Project1.vcxproj", "{FDC81656-9450-4407-9688-D5F67222B96F}"
EndProject
Project("{8BC9CEB8-8B4A-11D0-8D11-00A0C91BC942}") = "Chapter1_2", "Chapter1_2\Project2.vcxproj", "{F7BF4CBE-F33B-4B8C-8A2C-5922C4D7A599}"
EndProject
Project("{8BC9CEB8-8B4A-11D0-8D11-00A0C91BC942}") = "Chapter1_3", "Chapter1_3\Project3.vcxproj", "{88B29384-8120-4096-AC1F-66656B0573B7}"
EndProject
Project("{8BC9CEB8-8B4A-11D0-8D11-00A0C91BC942}") = "Chapter1_4", "Chapter1_4\Project4.vcxproj", "{BF31C2BB-3A4A-46EB-A1CD-B9090F6CB23F}"
EndProject
Project("{8BC9CEB8-8B4A-11D0-8D11-00A0C91BC942}") = "Chapter1_5", "Chapter1_5\Project5.vcxproj", "{56FC463F-F3CE-49E5-8303-88319DADF2F3}"
EndProject
Project("{8BC9CEB8-8B4A-11D0-8D11-00A0C91BC942}") = "Chapter1_6", "Chapter1_6\Project6.vcxproj", "{8604C59D-ADA5-45AC-A1EF-C49CA53D44BB}"
EndProject
Project("{8BC9CEB8-8B4A-11D0-8D11-00A0C91BC942}") = "Chapter1_7", "Chapter1_7\Project7.vcxproj", "{7C3D29EE-FCDE-4B8F-B516-F8AF9C0F45D1}"
EndProject
Project("{8BC9CEB8-8B4A-11D0-8D11-00A0C91BC942}") = "Chapter1_8", "Chapter1_8\Project8.vcxproj", "{1E07C1CA-4621-4DD4-93EE-1FFC34A9CDD9}"
EndProject
Project("{8BC9CEB8-8B4A-11D0-8D11-00A0C91BC942}") = "Chapter1_9", "Chapter1_9\Project9.vcxproj", "{99019655-1421-4E4A-9CAC-3442F3E753FC}"
EndProject
Project("{8BC9CEB8-8B4A-11D0-8D11-00A0C91BC942}") = "Chapter1_10", "Chapter1_10\Project10.vcxproj", "{41AAF65C-F6DF-460C-9AD2-EA0071791BAF}"
EndProject
Project("{8BC9CEB8-8B4A-11D0-8D11-00A0C91BC942}") = "Chapter1_12", "Chapter1_12\Chapter1_12.vcxproj", "{F6B470BE-1663-4DCE-BC40-66C8348C0B1E}"
EndProject
Project("{8BC9CEB8-8B4A-11D0-8D11-00A0C91BC942}") = "Chapter1_13", "Chapter1_13\Chapter1_13.vcxproj", "{3B80866B-DB15-4DA7-BBE8-871A49723D76}"
EndProject
Project("{8BC9CEB8-8B4A-11D0-8D11-00A0C91BC942}") = "Chapter1_14", "Chapter1_14\Chapter1_14.vcxproj", "{CD8C8DCF-D7CE-4023-AEEC-7924D004766F}"
EndProject
Global
	GlobalSection(SolutionConfigurationPlatforms) = preSolution
		Debug|x64 = Debug|x64
		Debug|x86 = Debug|x86
		Release|x64 = Release|x64
		Release|x86 = Release|x86
	EndGlobalSection
	GlobalSection(ProjectConfigurationPlatforms) = postSolution
		{C0B22330-AF1C-4A99-A2D3-5F12805F7137}.Debug|x64.ActiveCfg = Debug|x64
		{C0B22330-AF1C-4A99-A2D3-5F12805F7137}.Debug|x64.Build.0 = Debug|x64
		{C0B22330-AF1C-4A99-A2D3-5F12805F7137}.Debug|x86.ActiveCfg = Debug|Win32
		{C0B22330-AF1C-4A99-A2D3-5F12805F7137}.Debug|x86.Build.0 = Debug|Win32
		{C0B22330-AF1C-4A99-A2D3-5F12805F7137}.Release|x64.ActiveCfg = Release|x64
		{C0B22330-AF1C-4A99-A2D3-5F12805F7137}.Release|x64.Build.0 = Release|x64
		{C0B22330-AF1C-4A99-A2D3-5F12805F7137}.Release|x86.ActiveCfg = Release|Win32
		{C0B22330-AF1C-4A99-A2D3-5F12805F7137}.Release|x86.Build.0 = Release|Win32
		{FDC81656-9450-4407-9688-D5F67222B96F}.Debug|x64.ActiveCfg = Debug|x64
		{FDC81656-9450-4407-9688-D5F67222B96F}.Debug|x64.Build.0 = Debug|x64
		{FDC81656-9450-4407-9688-D5F67222B96F}.Debug|x86.ActiveCfg = Debug|Win32
		{FDC81656-9450-4407-9688-D5F67222B96F}.Debug|x86.Build.0 = Debug|Win32
		{FDC81656-9450-4407-9688-D5F67222B96F}.Release|x64.ActiveCfg = Release|x64
		{FDC81656-9450-4407-9688-D5F67222B96F}.Release|x64.Build.0 = Release|x64
		{FDC81656-9450-4407-9688-D5F67222B96F}.Release|x86.ActiveCfg = Release|Win32
		{FDC81656-9450-4407-9688-D5F67222B96F}.Release|x86.Build.0 = Release|Win32
		{F7BF4CBE-F33B-4B8C-8A2C-5922C4D7A599}.Debug|x64.ActiveCfg = Debug|x64
		{F7BF4CBE-F33B-4B8C-8A2C-5922C4D7A599}.Debug|x64.Build.0 = Debug|x64
		{F7BF4CBE-F33B-4B8C-8A2C-5922C4D7A599}.Debug|x86.ActiveCfg = Debug|Win32
		{F7BF4CBE-F33B-4B8C-8A2C-5922C4D7A599}.Debug|x86.Build.0 = Debug|Win32
		{F7BF4CBE-F33B-4B8C-8A2C-5922C4D7A599}.Release|x64.ActiveCfg = Release|x64
		{F7BF4CBE-F33B-4B8C-8A2C-5922C4D7A599}.Release|x64.Build.0 = Release|x64
		{F7BF4CBE-F33B-4B8C-8A2C-5922C4D7A599}.Release|x86.ActiveCfg = Release|Win32
		{F7BF4CBE-F33B-4B8C-8A2C-5922C4D7A599}.Release|x86.Build.0 = Release|Win32
		{88B29384-8120-4096-AC1F-66656B0573B7}.Debug|x64.ActiveCfg = Debug|x64
		{88B29384-8120-4096-AC1F-66656B0573B7}.Debug|x64.Build.0 = Debug|x64
		{88B29384-8120-4096-AC1F-66656B0573B7}.Debug|x86.ActiveCfg = Debug|Win32
		{88B29384-8120-4096-AC1F-66656B0573B7}.Debug|x86.Build.0 = Debug|Win32
		{88B29384-8120-4096-AC1F-66656B0573B7}.Release|x64.ActiveCfg = Release|x64
		{88B29384-8120-4096-AC1F-66656B0573B7}.Release|x64.Build.0 = Release|x64
		{88B29384-8120-4096-AC1F-66656B0573B7}.Release|x86.ActiveCfg = Release|Win32
		{88B29384-8120-4096-AC1F-66656B0573B7}.Release|x86.Build.0 = Release|Win32
		{BF31C2BB-3A4A-46EB-A1CD-B9090F6CB23F}.Debug|x64.ActiveCfg = Debug|x64
		{BF31C2BB-3A4A-46EB-A1CD-B9090F6CB23F}.Debug|x64.Build.0 = Debug|x64
		{BF31C2BB-3A4A-46EB-A1CD-B9090F6CB23F}.Debug|x86.ActiveCfg = Debug|Win32
		{BF31C2BB-3A4A-46EB-A1CD-B9090F6CB23F}.Debug|x86.Build.0 = Debug|Win32
		{BF31C2BB-3A4A-46EB-A1CD-B9090F6CB23F}.Release|x64.ActiveCfg = Release|x64
		{BF31C2BB-3A4A-46EB-A1CD-B9090F6CB23F}.Release|x64.Build.0 = Release|x64
		{BF31C2BB-3A4A-46EB-A1CD-B9090F6CB23F}.Release|x86.ActiveCfg = Release|Win32
		{BF31C2BB-3A4A-46EB-A1CD-B9090F6CB23F}.Release|x86.Build.0 = Release|Win32
		{56FC463F-F3CE-49E5-8303-88319DADF2F3}.Debug|x64.ActiveCfg = Debug|x64
		{56FC463F-F3CE-49E5-8303-88319DADF2F3}.Debug|x64.Build.0 = Debug|x64
		{56FC463F-F3CE-49E5-8303-88319DADF2F3}.Debug|x86.ActiveCfg = Debug|Win32
		{56FC463F-F3CE-49E5-8303-88319DADF2F3}.Debug|x86.Build.0 = Debug|Win32
		{56FC463F-F3CE-49E5-8303-88319DADF2F3}.Release|x64.ActiveCfg = Release|x64
		{56FC463F-F3CE-49E5-8303-88319DADF2F3}.Release|x64.Build.0 = Release|x64
		{56FC463F-F3CE-49E5-8303-88319DADF2F3}.Release|x86.ActiveCfg = Release|Win32
		{56FC463F-F3CE-49E5-8303-88319DADF2F3}.Release|x86.Build.0 = Release|Win32
		{8604C59D-ADA5-45AC-A1EF-C49CA53D44BB}.Debug|x64.ActiveCfg = Debug|x64
		{8604C59D-ADA5-45AC-A1EF-C49CA53D44BB}.Debug|x64.Build.0 = Debug|x64
		{8604C59D-ADA5-45AC-A1EF-C49CA53D44BB}.Debug|x86.ActiveCfg = Debug|Win32
		{8604C59D-ADA5-45AC-A1EF-C49CA53D44BB}.Debug|x86.Build.0 = Debug|Win32
		{8604C59D-ADA5-45AC-A1EF-C49CA53D44BB}.Release|x64.ActiveCfg = Release|x64
		{8604C59D-ADA5-45AC-A1EF-C49CA53D44BB}.Release|x64.Build.0 = Release|x64
		{8604C59D-ADA5-45AC-A1EF-C49CA53D44BB}.Release|x86.ActiveCfg = Release|Win32
		{8604C59D-ADA5-45AC-A1EF-C49CA53D44BB}.Release|x86.Build.0 = Release|Win32
		{7C3D29EE-FCDE-4B8F-B516-F8AF9C0F45D1}.Debug|x64.ActiveCfg = Debug|x64
		{7C3D29EE-FCDE-4B8F-B516-F8AF9C0F45D1}.Debug|x64.Build.0 = Debug|x64
		{7C3D29EE-FCDE-4B8F-B516-F8AF9C0F45D1}.Debug|x86.ActiveCfg = Debug|Win32
		{7C3D29EE-FCDE-4B8F-B516-F8AF9C0F45D1}.Debug|x86.Build.0 = Debug|Win32
		{7C3D29EE-FCDE-4B8F-B516-F8AF9C0F45D1}.Release|x64.ActiveCfg = Release|x64
		{7C3D29EE-FCDE-4B8F-B516-F8AF9C0F45D1}.Release|x64.Build.0 = Release|x64
		{7C3D29EE-FCDE-4B8F-B516-F8AF9C0F45D1}.Release|x86.ActiveCfg = Release|Win32
		{7C3D29EE-FCDE-4B8F-B516-F8AF9C0F45D1}.Release|x86.Build.0 = Release|Win32
		{1E07C1CA-4621-4DD4-93EE-1FFC34A9CDD9}.Debug|x64.ActiveCfg = Debug|x64
		{1E07C1CA-4621-4DD4-93EE-1FFC34A9CDD9}.Debug|x64.Build.0 = Debug|x64
		{1E07C1CA-4621-4DD4-93EE-1FFC34A9CDD9}.Debug|x86.ActiveCfg = Debug|Win32
		{1E07C1CA-4621-4DD4-93EE-1FFC34A9CDD9}.Debug|x86.Build.0 = Debug|Win32
		{1E07C1CA-4621-4DD4-93EE-1FFC34A9CDD9}.Release|x64.ActiveCfg = Release|x64
		{1E07C1CA-4621-4DD4-93EE-1FFC34A9CDD9}.Release|x64.Build.0 = Release|x64
		{1E07C1CA-4621-4DD4-93EE-1FFC34A9CDD9}.Release|x86.ActiveCfg = Release|Win32
		{1E07C1CA-4621-4DD4-93EE-1FFC34A9CDD9}.Release|x86.Build.0 = Release|Win32
		{99019655-1421-4E4A-9CAC-3442F3E753FC}.Debug|x64.ActiveCfg = Debug|x64
		{99019655-1421-4E4A-9CAC-3442F3E753FC}.Debug|x64.Build.0 = Debug|x64
		{99019655-1421-4E4A-9CAC-3442F3E753FC}.Debug|x86.ActiveCfg = Debug|Win32
		{99019655-1421-4E4A-9CAC-3442F3E753FC}.Debug|x86.Build.0 = Debug|Win32
		{99019655-1421-4E4A-9CAC-3442F3E753FC}.Release|x64.ActiveCfg = Release|x64
		{99019655-1421-4E4A-9CAC-3442F3E753FC}.Release|x64.Build.0 = Release|x64
		{99019655-1421-4E4A-9CAC-3442F3E753FC}.Release|x86.ActiveCfg = Release|Win32
		{99019655-1421-4E4A-9CAC-3442F3E753FC}.Release|x86.Build.0 = Release|Win32
		{41AAF65C-F6DF-460C-9AD2-EA0071791BAF}.Debug|x64.ActiveCfg = Debug|x64
		{41AAF65C-F6DF-460C-9AD2-EA0071791BAF}.Debug|x64.Build.0 = Debug|x64
		{41AAF65C-F6DF-460C-9AD2-EA0071791BAF}.Debug|x86.ActiveCfg = Debug|Win32
		{41AAF65C-F6DF-460C-9AD2-EA0071791BAF}.Debug|x86.Build.0 = Debug|Win32
		{41AAF65C-F6DF-460C-9AD2-EA0071791BAF}.Release|x64.ActiveCfg = Release|x64
		{41AAF65C-F6DF-460C-9AD2-EA0071791BAF}.Release|x64.Build.0 = Release|x64
		{41AAF65C-F6DF-460C-9AD2-EA0071791BAF}.Release|x86.ActiveCfg = Release|Win32
		{41AAF65C-F6DF-460C-9AD2-EA0071791BAF}.Release|x86.Build.0 = Release|Win32
		{F6B470BE-1663-4DCE-BC40-66C8348C0B1E}.Debug|x64.ActiveCfg = Debug|x64
		{F6B470BE-1663-4DCE-BC40-66C8348C0B1E}.Debug|x64.Build.0 = Debug|x64
		{F6B470BE-1663-4DCE-BC40-66C8348C0B1E}.Debug|x86.ActiveCfg = Debug|Win32
		{F6B470BE-1663-4DCE-BC40-66C8348C0B1E}.Debug|x86.Build.0 = Debug|Win32
		{F6B470BE-1663-4DCE-BC40-66C8348C0B1E}.Release|x64.ActiveCfg = Release|x64
		{F6B470BE-1663-4DCE-BC40-66C8348C0B1E}.Release|x64.Build.0 = Release|x64
		{F6B470BE-1663-4DCE-BC40-66C8348C0B1E}.Release|x86.ActiveCfg = Release|Win32
		{F6B470BE-1663-4DCE-BC40-66C8348C0B1E}.Release|x86.Build.0 = Release|Win32
		{3B80866B-DB15-4DA7-BBE8-871A49723D76}.Debug|x64.ActiveCfg = Debug|x64
		{3B80866B-DB15-4DA7-BBE8-871A49723D76}.Debug|x64.Build.0 = Debug|x64
		{3B80866B-DB15-4DA7-BBE8-871A49723D76}.Debug|x86.ActiveCfg = Debug|Win32
		{3B80866B-DB15-4DA7-BBE8-871A49723D76}.Debug|x86.Build.0 = Debug|Win32
		{3B80866B-DB15-4DA7-BBE8-871A49723D76}.Release|x64.ActiveCfg = Release|x64
		{3B80866B-DB15-4DA7-BBE8-871A49723D76}.Release|x64.Build.0 = Release|x64
		{3B80866B-DB15-4DA7-BBE8-871A49723D76}.Release|x86.ActiveCfg = Release|Win32
		{3B80866B-DB15-4DA7-BBE8-871A49723D76}.Release|x86.Build.0 = Release|Win32
		{CD8C8DCF-D7CE-4023-AEEC-7924D004766F}.Debug|x64.ActiveCfg = Debug|x64
		{CD8C8DCF-D7CE-4023-AEEC-7924D004766F}.Debug|x64.Build.0 = Debug|x64
		{CD8C8DCF-D7CE-4023-AEEC-7924D004766F}.Debug|x86.ActiveCfg = Debug|Win32
		{CD8C8DCF-D7CE-4023-AEEC-7924D004766F}.Debug|x86.Build.0 = Debug|Win32
		{CD8C8DCF-D7CE-4023-AEEC-7924D004766F}.Release|x64.ActiveCfg = Release|x64
		{CD8C8DCF-D7CE-4023-AEEC-7924D004766F}.Release|x64.Build.0 = Release|x64
		{CD8C8DCF-D7CE-4023-AEEC-7924D004766F}.Release|x86.ActiveCfg = Release|Win32
		{CD8C8DCF-D7CE-4023-AEEC-7924D004766F}.Release|x86.Build.0 = Release|Win32
	EndGlobalSection
	GlobalSection(SolutionProperties) = preSolution
		HideSolutionNode = FALSE
	EndGlobalSection
	GlobalSection(ExtensibilityGlobals) = postSolution
		SolutionGuid = {BC81BD91-FD11-4F26-99D6-22551E48D22D}
	EndGlobalSection
EndGlobal
